{
  "requires": true,
  "lockfileVersion": 1,
  "dependencies": {
    "@kevinfrom/cvrapi": {
      "version": "3.0.0",
      "resolved": "https://registry.npmjs.org/@kevinfrom/cvrapi/-/cvrapi-3.0.0.tgz",
      "integrity": "sha512-1filnrK15/f2yPCxzU+5VLE8MS03eZ3f/v0Ap8KVG5ye/A3m+XUhGnAh6sMw0BMtTTnk/yk9xi+7UsgeUuU7Tg=="
    }
  }
}
